{
  "name": "Lumen-s-Echo",
  "lockfileVersion": 3,
  "requires": true,
  "packages": {
    "": {
      "dependencies": {
        "create-kaplay": "^3.0.0"
      }
    },
    "node_modules/create-kaplay": {
      "version": "3.0.0",
      "resolved": "https://registry.npmjs.org/create-kaplay/-/create-kaplay-3.0.0.tgz",
      "integrity": "sha512-O5nZS5NZtAG3gyW/9Dlnrk3yMZVQ3Utiv+5FsKZ8ALfZzbR2qT+sQt015AqcyiIKY+WhrMT795lnm+be2BxMCg==",
      "license": "MIT",
      "bin": {
        "create-kaplay": "dist/index.js"
      }
    }
  }
}
